Microsoft Visual Studio Solution File, Format Version 12.00
# Visual Studio Version 17
VisualStudioVersion = 17.5.2.0
MinimumVisualStudioVersion = 10.0.40219.1
Project("{FAE04EC0-301F-11D3-BF4B-00C04F79EFBC}") = "MyAvaloniaApp", "MyAvaloniaApp.csproj", "{D4E0037A-FB83-D00D-285E-CE128775B3F8}"
EndProject
Global
	GlobalSection(SolutionConfigurationPlatforms) = preSolution
		Debug|Any CPU = Debug|Any CPU
		Release|Any CPU = Release|Any CPU
	EndGlobalSection
	GlobalSection(ProjectConfigurationPlatforms) = postSolution
		{D4E0037A-FB83-D00D-285E-CE128775B3F8}.Debug|Any CPU.ActiveCfg = Debug|Any CPU
		{D4E0037A-FB83-D00D-285E-CE128775B3F8}.Debug|Any CPU.Build.0 = Debug|Any CPU
		{D4E0037A-FB83-D00D-285E-CE128775B3F8}.Release|Any CPU.ActiveCfg = Release|Any CPU
		{D4E0037A-FB83-D00D-285E-CE128775B3F8}.Release|Any CPU.Build.0 = Release|Any CPU
	EndGlobalSection
	GlobalSection(SolutionProperties) = preSolution
		HideSolutionNode = FALSE
	EndGlobalSection
	GlobalSection(ExtensibilityGlobals) = postSolution
		SolutionGuid = {48F15640-E693-476E-8094-6DEC22CDC893}
	EndGlobalSection
EndGlobal
